
Microsoft Visual Studio Solution File, Format Version 12.00
# Visual Studio Version 16
VisualStudioVersion = 16.0.31129.286
MinimumVisualStudioVersion = 10.0.40219.1
Project("{FAE04EC0-301F-11D3-BF4B-00C04F79EFBC}") = "WebThoiTrang", "WebThoiTrang\WebThoiTrang.csproj", "{CE24B238-048E-4D2A-B51A-217EFC336A60}"
EndProject
Project("{FAE04EC0-301F-11D3-BF4B-00C04F79EFBC}") = "WebThoiTrang.Tests", "WebThoiTrang.Tests\WebThoiTrang.Tests.csproj", "{1C4436A7-2E5E-4083-82B0-F340A97C7C5A}"
EndProject
Global
	GlobalSection(SolutionConfigurationPlatforms) = preSolution
		Debug|Any CPU = Debug|Any CPU
		Release|Any CPU = Release|Any CPU
	EndGlobalSection
	GlobalSection(ProjectConfigurationPlatforms) = postSolution
		{CE24B238-048E-4D2A-B51A-217EFC336A60}.Debug|Any CPU.ActiveCfg = Debug|Any CPU
		{CE24B238-048E-4D2A-B51A-217EFC336A60}.Debug|Any CPU.Build.0 = Debug|Any CPU
		{CE24B238-048E-4D2A-B51A-217EFC336A60}.Release|Any CPU.ActiveCfg = Release|Any CPU
		{CE24B238-048E-4D2A-B51A-217EFC336A60}.Release|Any CPU.Build.0 = Release|Any CPU
		{1C4436A7-2E5E-4083-82B0-F340A97C7C5A}.Debug|Any CPU.ActiveCfg = Debug|Any CPU
		{1C4436A7-2E5E-4083-82B0-F340A97C7C5A}.Debug|Any CPU.Build.0 = Debug|Any CPU
		{1C4436A7-2E5E-4083-82B0-F340A97C7C5A}.Release|Any CPU.ActiveCfg = Release|Any CPU
		{1C4436A7-2E5E-4083-82B0-F340A97C7C5A}.Release|Any CPU.Build.0 = Release|Any CPU
	EndGlobalSection
	GlobalSection(SolutionProperties) = preSolution
		HideSolutionNode = FALSE
	EndGlobalSection
	GlobalSection(ExtensibilityGlobals) = postSolution
		SolutionGuid = {4830909C-B0A3-424E-90BF-29A23FC80E2C}
	EndGlobalSection
EndGlobal
